
Microsoft Visual Studio Solution File, Format Version 12.00
# Visual Studio 2013
VisualStudioVersion = 12.0.21005.1
MinimumVisualStudioVersion = 10.0.40219.1
Project("{FAE04EC0-301F-11D3-BF4B-00C04F79EFBC}") = "Core", "Core\Core.csproj", "{41ACBEF1-B159-4C49-A0F9-A07911617B52}"
EndProject
Project("{2150E333-8FDC-42A3-9474-1A3956D46DE8}") = "Examples", "Examples", "{79E45F9D-B161-4C12-AB0D-306B0051717E}"
EndProject
Project("{FAE04EC0-301F-11D3-BF4B-00C04F79EFBC}") = "1-InitDirect3D", "InitDirect3D\1-InitDirect3D.csproj", "{C67D7BC4-21E4-4563-A0BC-79F78CD4C1C8}"
EndProject
Project("{FAE04EC0-301F-11D3-BF4B-00C04F79EFBC}") = "2-BoxDemo", "BoxDemo\2-BoxDemo.csproj", "{2183B279-2804-4749-803E-3DD4DD8EA9D0}"
EndProject
Project("{FAE04EC0-301F-11D3-BF4B-00C04F79EFBC}") = "3-HillDemo", "HillDemo\3-HillDemo.csproj", "{9DC8B8EF-E3F0-4306-9646-D82F1D134625}"
EndProject
Project("{FAE04EC0-301F-11D3-BF4B-00C04F79EFBC}") = "4-ShapesDemo", "ShapesDemo\4-ShapesDemo.csproj", "{5A76A5C4-2E85-470B-8039-87565D625F6E}"
EndProject
Project("{2150E333-8FDC-42A3-9474-1A3956D46DE8}") = "Solution Items", "Solution Items", "{177C5CB8-FF8B-4CBC-9D3F-25878D8E7501}"
	ProjectSection(SolutionItems) = preProject
		Index.html = Index.html
		..\LICENSE.txt = ..\LICENSE.txt
		..\README.md = ..\README.md
	EndProjectSection
EndProject
Project("{FAE04EC0-301F-11D3-BF4B-00C04F79EFBC}") = "5-SkullDemo", "SkullDemo\5-SkullDemo.csproj", "{85770DD8-59C4-48E6-BDD5-26760B9691B4}"
EndProject
Project("{FAE04EC0-301F-11D3-BF4B-00C04F79EFBC}") = "6-WaveDemo", "WaveDemo\6-WaveDemo.csproj", "{E3C0B4FA-10D0-45E6-9035-A72B8C4BE803}"
EndProject
Project("{FAE04EC0-301F-11D3-BF4B-00C04F79EFBC}") = "7-LightingDemo", "LightingDemo\7-LightingDemo.csproj", "{C817B76A-97D4-4CC1-9651-3D405934AC83}"
EndProject
Project("{FAE04EC0-301F-11D3-BF4B-00C04F79EFBC}") = "8-LitSkull", "LitSkull\8-LitSkull.csproj", "{2947BFA6-798E-4960-9310-05E32CFA32A4}"
EndProject
Project("{FAE04EC0-301F-11D3-BF4B-00C04F79EFBC}") = "9-CrateDemo", "CrateDemo\9-CrateDemo.csproj", "{BEDF8CD8-078B-4BC6-A388-B63D36499ABB}"
EndProject
Project("{FAE04EC0-301F-11D3-BF4B-00C04F79EFBC}") = "10-TexturedHills", "TexturedHills\10-TexturedHills.csproj", "{0FDE6743-D46D-44B1-98D4-116863D258C1}"
EndProject
Project("{FAE04EC0-301F-11D3-BF4B-00C04F79EFBC}") = "11-FireBox", "FireBox\11-FireBox.csproj", "{B367EA40-1C5C-4113-B8E6-778198C463F9}"
EndProject
Project("{FAE04EC0-301F-11D3-BF4B-00C04F79EFBC}") = "12-BlendDemo", "BlendDemo\12-BlendDemo.csproj", "{982A55AD-535B-48C7-AC72-E077FBB76659}"
EndProject
Project("{FAE04EC0-301F-11D3-BF4B-00C04F79EFBC}") = "13-MirrorDemo", "MirrorDemo\13-MirrorDemo.csproj", "{F7E85E28-BF80-4C31-9714-8C7A98718836}"
EndProject
Project("{FAE04EC0-301F-11D3-BF4B-00C04F79EFBC}") = "14-TreeBillboardDemo", "TreeBillboardDemo\14-TreeBillboardDemo.csproj", "{6AF064DF-4713-4C85-961E-6C0FF4ED586E}"
EndProject
Project("{FAE04EC0-301F-11D3-BF4B-00C04F79EFBC}") = "15-CameraDemo", "CameraDemo\15-CameraDemo.csproj", "{DB5B3D81-4247-4844-9FD8-F6EC185FCD2C}"
EndProject
Project("{FAE04EC0-301F-11D3-BF4B-00C04F79EFBC}") = "16-InstancingAndCulling", "InstancingAndCulling\16-InstancingAndCulling.csproj", "{8D786763-3D08-498D-9E6A-0B4D61CD4112}"
EndProject
Project("{FAE04EC0-301F-11D3-BF4B-00C04F79EFBC}") = "17-PickingDemo", "PickingDemo\17-PickingDemo.csproj", "{08ADDC21-4615-4988-BF30-192C9033544B}"
EndProject
Project("{FAE04EC0-301F-11D3-BF4B-00C04F79EFBC}") = "18-CubeMap", "CubeMap\18-CubeMap.csproj", "{183C6E5E-3CCF-40AC-A3EC-6A1FE02B5399}"
EndProject
Project("{FAE04EC0-301F-11D3-BF4B-00C04F79EFBC}") = "19-DynamicCubeMap", "DynamicCubeMap\19-DynamicCubeMap.csproj", "{EBE23FE3-BCE2-4681-BE0D-4CD397FC7F3D}"
EndProject
Project("{FAE04EC0-301F-11D3-BF4B-00C04F79EFBC}") = "20-NormalDisplacementMaps", "NormalDisplacementMaps\20-NormalDisplacementMaps.csproj", "{65F1140E-D315-4911-8CAF-E8E28AD5E2D8}"
EndProject
Project("{FAE04EC0-301F-11D3-BF4B-00C04F79EFBC}") = "23-AssimpModel", "AssimpModel\23-AssimpModel.csproj", "{0D4C8BCE-7E85-4511-B78D-BB72743015F5}"
EndProject
Project("{FAE04EC0-301F-11D3-BF4B-00C04F79EFBC}") = "21-TerrainDemo", "TerrainDemo\21-TerrainDemo.csproj", "{00DCEE71-2638-4B54-95CA-5FEF89383167}"
EndProject
Project("{FAE04EC0-301F-11D3-BF4B-00C04F79EFBC}") = "VoronoiMap", "VoronoiMap\VoronoiMap.csproj", "{93B55A1E-AA33-472D-AA63-B07A5CD74A35}"
EndProject
Project("{FAE04EC0-301F-11D3-BF4B-00C04F79EFBC}") = "CosCalculator", "CosCalculator\CosCalculator.csproj", "{CA1437FE-E75B-4F82-A3A4-2076B608CCD2}"
EndProject
Project("{FAE04EC0-301F-11D3-BF4B-00C04F79EFBC}") = "22-RandomTerrainDemo", "RandomTerrainDemo\22-RandomTerrainDemo.csproj", "{4BCAFDA9-BFED-48C7-A510-6766B1686995}"
EndProject
Project("{FAE04EC0-301F-11D3-BF4B-00C04F79EFBC}") = "24-SkinnedModels", "SkinnedModels\24-SkinnedModels.csproj", "{CD06AF9A-3460-41CC-8628-82E838601689}"
EndProject
Project("{FAE04EC0-301F-11D3-BF4B-00C04F79EFBC}") = "25-ParticlesDemo", "ParticlesDemo\25-ParticlesDemo.csproj", "{07C38152-C421-4933-A59B-295B12CFAFF8}"
EndProject
Project("{FAE04EC0-301F-11D3-BF4B-00C04F79EFBC}") = "26-ShadowsDemo", "ShadowsDemo\26-ShadowsDemo.csproj", "{8221921E-A755-4D28-A440-196CC0826EE5}"
EndProject
Project("{FAE04EC0-301F-11D3-BF4B-00C04F79EFBC}") = "27-ShapeModels", "27-ShapeModels\27-ShapeModels.csproj", "{8FC5055E-ABB1-451E-9BC7-09030ED3E538}"
EndProject
Project("{FAE04EC0-301F-11D3-BF4B-00C04F79EFBC}") = "28-SsaoDemo", "28-SsaoDemo\28-SsaoDemo.csproj", "{22940EB3-6BEE-478C-A761-598E866155A5}"
EndProject
Project("{FAE04EC0-301F-11D3-BF4B-00C04F79EFBC}") = "29-GPUWavesDemo", "29-WavesDemo\29-GPUWavesDemo.csproj", "{32C46BD2-2B9E-4D0E-B23A-1B64A504CF43}"
EndProject
Project("{FAE04EC0-301F-11D3-BF4B-00C04F79EFBC}") = "28-SSAODemo2", "SSAODemo2\28-SSAODemo2.csproj", "{F7BB5540-B30F-49F2-9547-52FE3A9579E7}"
EndProject
Project("{FAE04EC0-301F-11D3-BF4B-00C04F79EFBC}") = "30-31-Minimap, Shadows and SSAO", "Minimap\30-31-Minimap, Shadows and SSAO.csproj", "{50B9956C-2755-4D36-B938-26EDCD57487F}"
EndProject
Project("{FAE04EC0-301F-11D3-BF4B-00C04F79EFBC}") = "32-TerrainPicking", "TerrainPicking\32-TerrainPicking.csproj", "{0B12BF0F-DC0F-40C5-A0D9-A8F164FABFC2}"
EndProject
Project("{2150E333-8FDC-42A3-9474-1A3956D46DE8}") = "Utilities", "Utilities", "{67416F3C-2867-486D-9AED-D8060761C148}"
EndProject
Global
	GlobalSection(SolutionConfigurationPlatforms) = preSolution
		Debug|Any CPU = Debug|Any CPU
		Release|Any CPU = Release|Any CPU
	EndGlobalSection
	GlobalSection(ProjectConfigurationPlatforms) = postSolution
		{41ACBEF1-B159-4C49-A0F9-A07911617B52}.Debug|Any CPU.ActiveCfg = Debug|Any CPU
		{41ACBEF1-B159-4C49-A0F9-A07911617B52}.Debug|Any CPU.Build.0 = Debug|Any CPU
		{41ACBEF1-B159-4C49-A0F9-A07911617B52}.Release|Any CPU.ActiveCfg = Release|Any CPU
		{41ACBEF1-B159-4C49-A0F9-A07911617B52}.Release|Any CPU.Build.0 = Release|Any CPU
		{C67D7BC4-21E4-4563-A0BC-79F78CD4C1C8}.Debug|Any CPU.ActiveCfg = Debug|Any CPU
		{C67D7BC4-21E4-4563-A0BC-79F78CD4C1C8}.Debug|Any CPU.Build.0 = Debug|Any CPU
		{C67D7BC4-21E4-4563-A0BC-79F78CD4C1C8}.Release|Any CPU.ActiveCfg = Release|Any CPU
		{C67D7BC4-21E4-4563-A0BC-79F78CD4C1C8}.Release|Any CPU.Build.0 = Release|Any CPU
		{2183B279-2804-4749-803E-3DD4DD8EA9D0}.Debug|Any CPU.ActiveCfg = Debug|Any CPU
		{2183B279-2804-4749-803E-3DD4DD8EA9D0}.Debug|Any CPU.Build.0 = Debug|Any CPU
		{2183B279-2804-4749-803E-3DD4DD8EA9D0}.Release|Any CPU.ActiveCfg = Release|Any CPU
		{2183B279-2804-4749-803E-3DD4DD8EA9D0}.Release|Any CPU.Build.0 = Release|Any CPU
		{9DC8B8EF-E3F0-4306-9646-D82F1D134625}.Debug|Any CPU.ActiveCfg = Debug|Any CPU
		{9DC8B8EF-E3F0-4306-9646-D82F1D134625}.Debug|Any CPU.Build.0 = Debug|Any CPU
		{9DC8B8EF-E3F0-4306-9646-D82F1D134625}.Release|Any CPU.ActiveCfg = Release|Any CPU
		{9DC8B8EF-E3F0-4306-9646-D82F1D134625}.Release|Any CPU.Build.0 = Release|Any CPU
		{5A76A5C4-2E85-470B-8039-87565D625F6E}.Debug|Any CPU.ActiveCfg = Debug|Any CPU
		{5A76A5C4-2E85-470B-8039-87565D625F6E}.Debug|Any CPU.Build.0 = Debug|Any CPU
		{5A76A5C4-2E85-470B-8039-87565D625F6E}.Release|Any CPU.ActiveCfg = Release|Any CPU
		{5A76A5C4-2E85-470B-8039-87565D625F6E}.Release|Any CPU.Build.0 = Release|Any CPU
		{85770DD8-59C4-48E6-BDD5-26760B9691B4}.Debug|Any CPU.ActiveCfg = Debug|Any CPU
		{85770DD8-59C4-48E6-BDD5-26760B9691B4}.Debug|Any CPU.Build.0 = Debug|Any CPU
		{85770DD8-59C4-48E6-BDD5-26760B9691B4}.Release|Any CPU.ActiveCfg = Release|Any CPU
		{85770DD8-59C4-48E6-BDD5-26760B9691B4}.Release|Any CPU.Build.0 = Release|Any CPU
		{E3C0B4FA-10D0-45E6-9035-A72B8C4BE803}.Debug|Any CPU.ActiveCfg = Debug|Any CPU
		{E3C0B4FA-10D0-45E6-9035-A72B8C4BE803}.Debug|Any CPU.Build.0 = Debug|Any CPU
		{E3C0B4FA-10D0-45E6-9035-A72B8C4BE803}.Release|Any CPU.ActiveCfg = Release|Any CPU
		{E3C0B4FA-10D0-45E6-9035-A72B8C4BE803}.Release|Any CPU.Build.0 = Release|Any CPU
		{C817B76A-97D4-4CC1-9651-3D405934AC83}.Debug|Any CPU.ActiveCfg = Debug|Any CPU
		{C817B76A-97D4-4CC1-9651-3D405934AC83}.Debug|Any CPU.Build.0 = Debug|Any CPU
		{C817B76A-97D4-4CC1-9651-3D405934AC83}.Release|Any CPU.ActiveCfg = Release|Any CPU
		{C817B76A-97D4-4CC1-9651-3D405934AC83}.Release|Any CPU.Build.0 = Release|Any CPU
		{2947BFA6-798E-4960-9310-05E32CFA32A4}.Debug|Any CPU.ActiveCfg = Debug|Any CPU
		{2947BFA6-798E-4960-9310-05E32CFA32A4}.Debug|Any CPU.Build.0 = Debug|Any CPU
		{2947BFA6-798E-4960-9310-05E32CFA32A4}.Release|Any CPU.ActiveCfg = Release|Any CPU
		{2947BFA6-798E-4960-9310-05E32CFA32A4}.Release|Any CPU.Build.0 = Release|Any CPU
		{BEDF8CD8-078B-4BC6-A388-B63D36499ABB}.Debug|Any CPU.ActiveCfg = Debug|Any CPU
		{BEDF8CD8-078B-4BC6-A388-B63D36499ABB}.Debug|Any CPU.Build.0 = Debug|Any CPU
		{BEDF8CD8-078B-4BC6-A388-B63D36499ABB}.Release|Any CPU.ActiveCfg = Release|Any CPU
		{BEDF8CD8-078B-4BC6-A388-B63D36499ABB}.Release|Any CPU.Build.0 = Release|Any CPU
		{0FDE6743-D46D-44B1-98D4-116863D258C1}.Debug|Any CPU.ActiveCfg = Debug|Any CPU
		{0FDE6743-D46D-44B1-98D4-116863D258C1}.Debug|Any CPU.Build.0 = Debug|Any CPU
		{0FDE6743-D46D-44B1-98D4-116863D258C1}.Release|Any CPU.ActiveCfg = Release|Any CPU
		{0FDE6743-D46D-44B1-98D4-116863D258C1}.Release|Any CPU.Build.0 = Release|Any CPU
		{B367EA40-1C5C-4113-B8E6-778198C463F9}.Debug|Any CPU.ActiveCfg = Debug|Any CPU
		{B367EA40-1C5C-4113-B8E6-778198C463F9}.Debug|Any CPU.Build.0 = Debug|Any CPU
		{B367EA40-1C5C-4113-B8E6-778198C463F9}.Release|Any CPU.ActiveCfg = Release|Any CPU
		{B367EA40-1C5C-4113-B8E6-778198C463F9}.Release|Any CPU.Build.0 = Release|Any CPU
		{982A55AD-535B-48C7-AC72-E077FBB76659}.Debug|Any CPU.ActiveCfg = Debug|Any CPU
		{982A55AD-535B-48C7-AC72-E077FBB76659}.Debug|Any CPU.Build.0 = Debug|Any CPU
		{982A55AD-535B-48C7-AC72-E077FBB76659}.Release|Any CPU.ActiveCfg = Release|Any CPU
		{982A55AD-535B-48C7-AC72-E077FBB76659}.Release|Any CPU.Build.0 = Release|Any CPU
		{F7E85E28-BF80-4C31-9714-8C7A98718836}.Debug|Any CPU.ActiveCfg = Debug|Any CPU
		{F7E85E28-BF80-4C31-9714-8C7A98718836}.Debug|Any CPU.Build.0 = Debug|Any CPU
		{F7E85E28-BF80-4C31-9714-8C7A98718836}.Release|Any CPU.ActiveCfg = Release|Any CPU
		{F7E85E28-BF80-4C31-9714-8C7A98718836}.Release|Any CPU.Build.0 = Release|Any CPU
		{6AF064DF-4713-4C85-961E-6C0FF4ED586E}.Debug|Any CPU.ActiveCfg = Debug|Any CPU
		{6AF064DF-4713-4C85-961E-6C0FF4ED586E}.Debug|Any CPU.Build.0 = Debug|Any CPU
		{6AF064DF-4713-4C85-961E-6C0FF4ED586E}.Release|Any CPU.ActiveCfg = Release|Any CPU
		{6AF064DF-4713-4C85-961E-6C0FF4ED586E}.Release|Any CPU.Build.0 = Release|Any CPU
		{DB5B3D81-4247-4844-9FD8-F6EC185FCD2C}.Debug|Any CPU.ActiveCfg = Debug|Any CPU
		{DB5B3D81-4247-4844-9FD8-F6EC185FCD2C}.Debug|Any CPU.Build.0 = Debug|Any CPU
		{DB5B3D81-4247-4844-9FD8-F6EC185FCD2C}.Release|Any CPU.ActiveCfg = Release|Any CPU
		{DB5B3D81-4247-4844-9FD8-F6EC185FCD2C}.Release|Any CPU.Build.0 = Release|Any CPU
		{8D786763-3D08-498D-9E6A-0B4D61CD4112}.Debug|Any CPU.ActiveCfg = Debug|Any CPU
		{8D786763-3D08-498D-9E6A-0B4D61CD4112}.Debug|Any CPU.Build.0 = Debug|Any CPU
		{8D786763-3D08-498D-9E6A-0B4D61CD4112}.Release|Any CPU.ActiveCfg = Release|Any CPU
		{8D786763-3D08-498D-9E6A-0B4D61CD4112}.Release|Any CPU.Build.0 = Release|Any CPU
		{08ADDC21-4615-4988-BF30-192C9033544B}.Debug|Any CPU.ActiveCfg = Debug|Any CPU
		{08ADDC21-4615-4988-BF30-192C9033544B}.Debug|Any CPU.Build.0 = Debug|Any CPU
		{08ADDC21-4615-4988-BF30-192C9033544B}.Release|Any CPU.ActiveCfg = Release|Any CPU
		{08ADDC21-4615-4988-BF30-192C9033544B}.Release|Any CPU.Build.0 = Release|Any CPU
		{183C6E5E-3CCF-40AC-A3EC-6A1FE02B5399}.Debug|Any CPU.ActiveCfg = Debug|Any CPU
		{183C6E5E-3CCF-40AC-A3EC-6A1FE02B5399}.Debug|Any CPU.Build.0 = Debug|Any CPU
		{183C6E5E-3CCF-40AC-A3EC-6A1FE02B5399}.Release|Any CPU.ActiveCfg = Release|Any CPU
		{183C6E5E-3CCF-40AC-A3EC-6A1FE02B5399}.Release|Any CPU.Build.0 = Release|Any CPU
		{EBE23FE3-BCE2-4681-BE0D-4CD397FC7F3D}.Debug|Any CPU.ActiveCfg = Debug|Any CPU
		{EBE23FE3-BCE2-4681-BE0D-4CD397FC7F3D}.Debug|Any CPU.Build.0 = Debug|Any CPU
		{EBE23FE3-BCE2-4681-BE0D-4CD397FC7F3D}.Release|Any CPU.ActiveCfg = Release|Any CPU
		{EBE23FE3-BCE2-4681-BE0D-4CD397FC7F3D}.Release|Any CPU.Build.0 = Release|Any CPU
		{65F1140E-D315-4911-8CAF-E8E28AD5E2D8}.Debug|Any CPU.ActiveCfg = Debug|Any CPU
		{65F1140E-D315-4911-8CAF-E8E28AD5E2D8}.Debug|Any CPU.Build.0 = Debug|Any CPU
		{65F1140E-D315-4911-8CAF-E8E28AD5E2D8}.Release|Any CPU.ActiveCfg = Release|Any CPU
		{65F1140E-D315-4911-8CAF-E8E28AD5E2D8}.Release|Any CPU.Build.0 = Release|Any CPU
		{0D4C8BCE-7E85-4511-B78D-BB72743015F5}.Debug|Any CPU.ActiveCfg = Debug|Any CPU
		{0D4C8BCE-7E85-4511-B78D-BB72743015F5}.Debug|Any CPU.Build.0 = Debug|Any CPU
		{0D4C8BCE-7E85-4511-B78D-BB72743015F5}.Release|Any CPU.ActiveCfg = Release|Any CPU
		{0D4C8BCE-7E85-4511-B78D-BB72743015F5}.Release|Any CPU.Build.0 = Release|Any CPU
		{00DCEE71-2638-4B54-95CA-5FEF89383167}.Debug|Any CPU.ActiveCfg = Debug|Any CPU
		{00DCEE71-2638-4B54-95CA-5FEF89383167}.Debug|Any CPU.Build.0 = Debug|Any CPU
		{00DCEE71-2638-4B54-95CA-5FEF89383167}.Release|Any CPU.ActiveCfg = Release|Any CPU
		{00DCEE71-2638-4B54-95CA-5FEF89383167}.Release|Any CPU.Build.0 = Release|Any CPU
		{93B55A1E-AA33-472D-AA63-B07A5CD74A35}.Debug|Any CPU.ActiveCfg = Debug|Any CPU
		{93B55A1E-AA33-472D-AA63-B07A5CD74A35}.Debug|Any CPU.Build.0 = Debug|Any CPU
		{93B55A1E-AA33-472D-AA63-B07A5CD74A35}.Release|Any CPU.ActiveCfg = Release|Any CPU
		{93B55A1E-AA33-472D-AA63-B07A5CD74A35}.Release|Any CPU.Build.0 = Release|Any CPU
		{CA1437FE-E75B-4F82-A3A4-2076B608CCD2}.Debug|Any CPU.ActiveCfg = Debug|Any CPU
		{CA1437FE-E75B-4F82-A3A4-2076B608CCD2}.Debug|Any CPU.Build.0 = Debug|Any CPU
		{CA1437FE-E75B-4F82-A3A4-2076B608CCD2}.Release|Any CPU.ActiveCfg = Release|Any CPU
		{CA1437FE-E75B-4F82-A3A4-2076B608CCD2}.Release|Any CPU.Build.0 = Release|Any CPU
		{4BCAFDA9-BFED-48C7-A510-6766B1686995}.Debug|Any CPU.ActiveCfg = Debug|Any CPU
		{4BCAFDA9-BFED-48C7-A510-6766B1686995}.Debug|Any CPU.Build.0 = Debug|Any CPU
		{4BCAFDA9-BFED-48C7-A510-6766B1686995}.Release|Any CPU.ActiveCfg = Release|Any CPU
		{4BCAFDA9-BFED-48C7-A510-6766B1686995}.Release|Any CPU.Build.0 = Release|Any CPU
		{CD06AF9A-3460-41CC-8628-82E838601689}.Debug|Any CPU.ActiveCfg = Debug|Any CPU
		{CD06AF9A-3460-41CC-8628-82E838601689}.Debug|Any CPU.Build.0 = Debug|Any CPU
		{CD06AF9A-3460-41CC-8628-82E838601689}.Release|Any CPU.ActiveCfg = Release|Any CPU
		{CD06AF9A-3460-41CC-8628-82E838601689}.Release|Any CPU.Build.0 = Release|Any CPU
		{07C38152-C421-4933-A59B-295B12CFAFF8}.Debug|Any CPU.ActiveCfg = Debug|Any CPU
		{07C38152-C421-4933-A59B-295B12CFAFF8}.Debug|Any CPU.Build.0 = Debug|Any CPU
		{07C38152-C421-4933-A59B-295B12CFAFF8}.Release|Any CPU.ActiveCfg = Release|Any CPU
		{07C38152-C421-4933-A59B-295B12CFAFF8}.Release|Any CPU.Build.0 = Release|Any CPU
		{8221921E-A755-4D28-A440-196CC0826EE5}.Debug|Any CPU.ActiveCfg = Debug|Any CPU
		{8221921E-A755-4D28-A440-196CC0826EE5}.Debug|Any CPU.Build.0 = Debug|Any CPU
		{8221921E-A755-4D28-A440-196CC0826EE5}.Release|Any CPU.ActiveCfg = Release|Any CPU
		{8221921E-A755-4D28-A440-196CC0826EE5}.Release|Any CPU.Build.0 = Release|Any CPU
		{8FC5055E-ABB1-451E-9BC7-09030ED3E538}.Debug|Any CPU.ActiveCfg = Debug|Any CPU
		{8FC5055E-ABB1-451E-9BC7-09030ED3E538}.Debug|Any CPU.Build.0 = Debug|Any CPU
		{8FC5055E-ABB1-451E-9BC7-09030ED3E538}.Release|Any CPU.ActiveCfg = Release|Any CPU
		{8FC5055E-ABB1-451E-9BC7-09030ED3E538}.Release|Any CPU.Build.0 = Release|Any CPU
		{22940EB3-6BEE-478C-A761-598E866155A5}.Debug|Any CPU.ActiveCfg = Debug|Any CPU
		{22940EB3-6BEE-478C-A761-598E866155A5}.Debug|Any CPU.Build.0 = Debug|Any CPU
		{22940EB3-6BEE-478C-A761-598E866155A5}.Release|Any CPU.ActiveCfg = Release|Any CPU
		{22940EB3-6BEE-478C-A761-598E866155A5}.Release|Any CPU.Build.0 = Release|Any CPU
		{32C46BD2-2B9E-4D0E-B23A-1B64A504CF43}.Debug|Any CPU.ActiveCfg = Debug|Any CPU
		{32C46BD2-2B9E-4D0E-B23A-1B64A504CF43}.Debug|Any CPU.Build.0 = Debug|Any CPU
		{32C46BD2-2B9E-4D0E-B23A-1B64A504CF43}.Release|Any CPU.ActiveCfg = Release|Any CPU
		{32C46BD2-2B9E-4D0E-B23A-1B64A504CF43}.Release|Any CPU.Build.0 = Release|Any CPU
		{F7BB5540-B30F-49F2-9547-52FE3A9579E7}.Debug|Any CPU.ActiveCfg = Debug|Any CPU
		{F7BB5540-B30F-49F2-9547-52FE3A9579E7}.Debug|Any CPU.Build.0 = Debug|Any CPU
		{F7BB5540-B30F-49F2-9547-52FE3A9579E7}.Release|Any CPU.ActiveCfg = Release|Any CPU
		{F7BB5540-B30F-49F2-9547-52FE3A9579E7}.Release|Any CPU.Build.0 = Release|Any CPU
		{50B9956C-2755-4D36-B938-26EDCD57487F}.Debug|Any CPU.ActiveCfg = Debug|Any CPU
		{50B9956C-2755-4D36-B938-26EDCD57487F}.Debug|Any CPU.Build.0 = Debug|Any CPU
		{50B9956C-2755-4D36-B938-26EDCD57487F}.Release|Any CPU.ActiveCfg = Release|Any CPU
		{50B9956C-2755-4D36-B938-26EDCD57487F}.Release|Any CPU.Build.0 = Release|Any CPU
		{0B12BF0F-DC0F-40C5-A0D9-A8F164FABFC2}.Debug|Any CPU.ActiveCfg = Debug|Any CPU
		{0B12BF0F-DC0F-40C5-A0D9-A8F164FABFC2}.Debug|Any CPU.Build.0 = Debug|Any CPU
		{0B12BF0F-DC0F-40C5-A0D9-A8F164FABFC2}.Release|Any CPU.ActiveCfg = Release|Any CPU
		{0B12BF0F-DC0F-40C5-A0D9-A8F164FABFC2}.Release|Any CPU.Build.0 = Release|Any CPU
	EndGlobalSection
	GlobalSection(SolutionProperties) = preSolution
		HideSolutionNode = FALSE
	EndGlobalSection
	GlobalSection(NestedProjects) = preSolution
		{C67D7BC4-21E4-4563-A0BC-79F78CD4C1C8} = {79E45F9D-B161-4C12-AB0D-306B0051717E}
		{2183B279-2804-4749-803E-3DD4DD8EA9D0} = {79E45F9D-B161-4C12-AB0D-306B0051717E}
		{9DC8B8EF-E3F0-4306-9646-D82F1D134625} = {79E45F9D-B161-4C12-AB0D-306B0051717E}
		{5A76A5C4-2E85-470B-8039-87565D625F6E} = {79E45F9D-B161-4C12-AB0D-306B0051717E}
		{85770DD8-59C4-48E6-BDD5-26760B9691B4} = {79E45F9D-B161-4C12-AB0D-306B0051717E}
		{E3C0B4FA-10D0-45E6-9035-A72B8C4BE803} = {79E45F9D-B161-4C12-AB0D-306B0051717E}
		{C817B76A-97D4-4CC1-9651-3D405934AC83} = {79E45F9D-B161-4C12-AB0D-306B0051717E}
		{2947BFA6-798E-4960-9310-05E32CFA32A4} = {79E45F9D-B161-4C12-AB0D-306B0051717E}
		{BEDF8CD8-078B-4BC6-A388-B63D36499ABB} = {79E45F9D-B161-4C12-AB0D-306B0051717E}
		{0FDE6743-D46D-44B1-98D4-116863D258C1} = {79E45F9D-B161-4C12-AB0D-306B0051717E}
		{B367EA40-1C5C-4113-B8E6-778198C463F9} = {79E45F9D-B161-4C12-AB0D-306B0051717E}
		{982A55AD-535B-48C7-AC72-E077FBB76659} = {79E45F9D-B161-4C12-AB0D-306B0051717E}
		{F7E85E28-BF80-4C31-9714-8C7A98718836} = {79E45F9D-B161-4C12-AB0D-306B0051717E}
		{6AF064DF-4713-4C85-961E-6C0FF4ED586E} = {79E45F9D-B161-4C12-AB0D-306B0051717E}
		{DB5B3D81-4247-4844-9FD8-F6EC185FCD2C} = {79E45F9D-B161-4C12-AB0D-306B0051717E}
		{8D786763-3D08-498D-9E6A-0B4D61CD4112} = {79E45F9D-B161-4C12-AB0D-306B0051717E}
		{08ADDC21-4615-4988-BF30-192C9033544B} = {79E45F9D-B161-4C12-AB0D-306B0051717E}
		{183C6E5E-3CCF-40AC-A3EC-6A1FE02B5399} = {79E45F9D-B161-4C12-AB0D-306B0051717E}
		{EBE23FE3-BCE2-4681-BE0D-4CD397FC7F3D} = {79E45F9D-B161-4C12-AB0D-306B0051717E}
		{65F1140E-D315-4911-8CAF-E8E28AD5E2D8} = {79E45F9D-B161-4C12-AB0D-306B0051717E}
		{0D4C8BCE-7E85-4511-B78D-BB72743015F5} = {79E45F9D-B161-4C12-AB0D-306B0051717E}
		{00DCEE71-2638-4B54-95CA-5FEF89383167} = {79E45F9D-B161-4C12-AB0D-306B0051717E}
		{93B55A1E-AA33-472D-AA63-B07A5CD74A35} = {79E45F9D-B161-4C12-AB0D-306B0051717E}
		{4BCAFDA9-BFED-48C7-A510-6766B1686995} = {79E45F9D-B161-4C12-AB0D-306B0051717E}
		{CD06AF9A-3460-41CC-8628-82E838601689} = {79E45F9D-B161-4C12-AB0D-306B0051717E}
		{07C38152-C421-4933-A59B-295B12CFAFF8} = {79E45F9D-B161-4C12-AB0D-306B0051717E}
		{8221921E-A755-4D28-A440-196CC0826EE5} = {79E45F9D-B161-4C12-AB0D-306B0051717E}
		{8FC5055E-ABB1-451E-9BC7-09030ED3E538} = {79E45F9D-B161-4C12-AB0D-306B0051717E}
		{22940EB3-6BEE-478C-A761-598E866155A5} = {79E45F9D-B161-4C12-AB0D-306B0051717E}
		{32C46BD2-2B9E-4D0E-B23A-1B64A504CF43} = {79E45F9D-B161-4C12-AB0D-306B0051717E}
		{F7BB5540-B30F-49F2-9547-52FE3A9579E7} = {79E45F9D-B161-4C12-AB0D-306B0051717E}
		{50B9956C-2755-4D36-B938-26EDCD57487F} = {79E45F9D-B161-4C12-AB0D-306B0051717E}
		{0B12BF0F-DC0F-40C5-A0D9-A8F164FABFC2} = {79E45F9D-B161-4C12-AB0D-306B0051717E}
		{CA1437FE-E75B-4F82-A3A4-2076B608CCD2} = {67416F3C-2867-486D-9AED-D8060761C148}
	EndGlobalSection
EndGlobal
