
Microsoft Visual Studio Solution File, Format Version 12.00
# Visual Studio 2012
Project("{FAE04EC0-301F-11D3-BF4B-00C04F79EFBC}") = "Core", "Core\Core.csproj", "{41ACBEF1-B159-4C49-A0F9-A07911617B52}"
EndProject
Project("{2150E333-8FDC-42A3-9474-1A3956D46DE8}") = "Examples", "Examples", "{79E45F9D-B161-4C12-AB0D-306B0051717E}"
EndProject
Project("{FAE04EC0-301F-11D3-BF4B-00C04F79EFBC}") = "InitDirect3D", "InitDirect3D\InitDirect3D.csproj", "{C67D7BC4-21E4-4563-A0BC-79F78CD4C1C8}"
EndProject
Project("{FAE04EC0-301F-11D3-BF4B-00C04F79EFBC}") = "BoxDemo", "BoxDemo\BoxDemo.csproj", "{2183B279-2804-4749-803E-3DD4DD8EA9D0}"
EndProject
Project("{FAE04EC0-301F-11D3-BF4B-00C04F79EFBC}") = "HillDemo", "HillDemo\HillDemo.csproj", "{9DC8B8EF-E3F0-4306-9646-D82F1D134625}"
EndProject
Project("{FAE04EC0-301F-11D3-BF4B-00C04F79EFBC}") = "ShapesDemo", "ShapesDemo\ShapesDemo.csproj", "{5A76A5C4-2E85-470B-8039-87565D625F6E}"
EndProject
Project("{2150E333-8FDC-42A3-9474-1A3956D46DE8}") = "Solution Items", "Solution Items", "{177C5CB8-FF8B-4CBC-9D3F-25878D8E7501}"
	ProjectSection(SolutionItems) = preProject
		..\LICENSE.txt = ..\LICENSE.txt
		..\README.md = ..\README.md
	EndProjectSection
EndProject
Project("{FAE04EC0-301F-11D3-BF4B-00C04F79EFBC}") = "SkullDemo", "SkullDemo\SkullDemo.csproj", "{85770DD8-59C4-48E6-BDD5-26760B9691B4}"
EndProject
Project("{FAE04EC0-301F-11D3-BF4B-00C04F79EFBC}") = "WaveDemo", "WaveDemo\WaveDemo.csproj", "{E3C0B4FA-10D0-45E6-9035-A72B8C4BE803}"
EndProject
Project("{FAE04EC0-301F-11D3-BF4B-00C04F79EFBC}") = "LightingDemo", "LightingDemo\LightingDemo.csproj", "{C817B76A-97D4-4CC1-9651-3D405934AC83}"
EndProject
Project("{FAE04EC0-301F-11D3-BF4B-00C04F79EFBC}") = "LitSkull", "LitSkull\LitSkull.csproj", "{2947BFA6-798E-4960-9310-05E32CFA32A4}"
EndProject
Global
	GlobalSection(SolutionConfigurationPlatforms) = preSolution
		Debug|Any CPU = Debug|Any CPU
		Release|Any CPU = Release|Any CPU
	EndGlobalSection
	GlobalSection(ProjectConfigurationPlatforms) = postSolution
		{41ACBEF1-B159-4C49-A0F9-A07911617B52}.Debug|Any CPU.ActiveCfg = Debug|Any CPU
		{41ACBEF1-B159-4C49-A0F9-A07911617B52}.Debug|Any CPU.Build.0 = Debug|Any CPU
		{41ACBEF1-B159-4C49-A0F9-A07911617B52}.Release|Any CPU.ActiveCfg = Release|Any CPU
		{41ACBEF1-B159-4C49-A0F9-A07911617B52}.Release|Any CPU.Build.0 = Release|Any CPU
		{C67D7BC4-21E4-4563-A0BC-79F78CD4C1C8}.Debug|Any CPU.ActiveCfg = Debug|Any CPU
		{C67D7BC4-21E4-4563-A0BC-79F78CD4C1C8}.Debug|Any CPU.Build.0 = Debug|Any CPU
		{C67D7BC4-21E4-4563-A0BC-79F78CD4C1C8}.Release|Any CPU.ActiveCfg = Release|Any CPU
		{C67D7BC4-21E4-4563-A0BC-79F78CD4C1C8}.Release|Any CPU.Build.0 = Release|Any CPU
		{2183B279-2804-4749-803E-3DD4DD8EA9D0}.Debug|Any CPU.ActiveCfg = Debug|Any CPU
		{2183B279-2804-4749-803E-3DD4DD8EA9D0}.Debug|Any CPU.Build.0 = Debug|Any CPU
		{2183B279-2804-4749-803E-3DD4DD8EA9D0}.Release|Any CPU.ActiveCfg = Release|Any CPU
		{2183B279-2804-4749-803E-3DD4DD8EA9D0}.Release|Any CPU.Build.0 = Release|Any CPU
		{9DC8B8EF-E3F0-4306-9646-D82F1D134625}.Debug|Any CPU.ActiveCfg = Debug|Any CPU
		{9DC8B8EF-E3F0-4306-9646-D82F1D134625}.Debug|Any CPU.Build.0 = Debug|Any CPU
		{9DC8B8EF-E3F0-4306-9646-D82F1D134625}.Release|Any CPU.ActiveCfg = Release|Any CPU
		{9DC8B8EF-E3F0-4306-9646-D82F1D134625}.Release|Any CPU.Build.0 = Release|Any CPU
		{5A76A5C4-2E85-470B-8039-87565D625F6E}.Debug|Any CPU.ActiveCfg = Debug|Any CPU
		{5A76A5C4-2E85-470B-8039-87565D625F6E}.Debug|Any CPU.Build.0 = Debug|Any CPU
		{5A76A5C4-2E85-470B-8039-87565D625F6E}.Release|Any CPU.ActiveCfg = Release|Any CPU
		{5A76A5C4-2E85-470B-8039-87565D625F6E}.Release|Any CPU.Build.0 = Release|Any CPU
		{85770DD8-59C4-48E6-BDD5-26760B9691B4}.Debug|Any CPU.ActiveCfg = Debug|Any CPU
		{85770DD8-59C4-48E6-BDD5-26760B9691B4}.Debug|Any CPU.Build.0 = Debug|Any CPU
		{85770DD8-59C4-48E6-BDD5-26760B9691B4}.Release|Any CPU.ActiveCfg = Release|Any CPU
		{85770DD8-59C4-48E6-BDD5-26760B9691B4}.Release|Any CPU.Build.0 = Release|Any CPU
		{E3C0B4FA-10D0-45E6-9035-A72B8C4BE803}.Debug|Any CPU.ActiveCfg = Debug|Any CPU
		{E3C0B4FA-10D0-45E6-9035-A72B8C4BE803}.Debug|Any CPU.Build.0 = Debug|Any CPU
		{E3C0B4FA-10D0-45E6-9035-A72B8C4BE803}.Release|Any CPU.ActiveCfg = Release|Any CPU
		{E3C0B4FA-10D0-45E6-9035-A72B8C4BE803}.Release|Any CPU.Build.0 = Release|Any CPU
		{C817B76A-97D4-4CC1-9651-3D405934AC83}.Debug|Any CPU.ActiveCfg = Debug|Any CPU
		{C817B76A-97D4-4CC1-9651-3D405934AC83}.Debug|Any CPU.Build.0 = Debug|Any CPU
		{C817B76A-97D4-4CC1-9651-3D405934AC83}.Release|Any CPU.ActiveCfg = Release|Any CPU
		{C817B76A-97D4-4CC1-9651-3D405934AC83}.Release|Any CPU.Build.0 = Release|Any CPU
		{2947BFA6-798E-4960-9310-05E32CFA32A4}.Debug|Any CPU.ActiveCfg = Debug|Any CPU
		{2947BFA6-798E-4960-9310-05E32CFA32A4}.Debug|Any CPU.Build.0 = Debug|Any CPU
		{2947BFA6-798E-4960-9310-05E32CFA32A4}.Release|Any CPU.ActiveCfg = Release|Any CPU
		{2947BFA6-798E-4960-9310-05E32CFA32A4}.Release|Any CPU.Build.0 = Release|Any CPU
	EndGlobalSection
	GlobalSection(SolutionProperties) = preSolution
		HideSolutionNode = FALSE
	EndGlobalSection
	GlobalSection(NestedProjects) = preSolution
		{C67D7BC4-21E4-4563-A0BC-79F78CD4C1C8} = {79E45F9D-B161-4C12-AB0D-306B0051717E}
		{2183B279-2804-4749-803E-3DD4DD8EA9D0} = {79E45F9D-B161-4C12-AB0D-306B0051717E}
		{9DC8B8EF-E3F0-4306-9646-D82F1D134625} = {79E45F9D-B161-4C12-AB0D-306B0051717E}
		{5A76A5C4-2E85-470B-8039-87565D625F6E} = {79E45F9D-B161-4C12-AB0D-306B0051717E}
		{85770DD8-59C4-48E6-BDD5-26760B9691B4} = {79E45F9D-B161-4C12-AB0D-306B0051717E}
		{E3C0B4FA-10D0-45E6-9035-A72B8C4BE803} = {79E45F9D-B161-4C12-AB0D-306B0051717E}
		{2947BFA6-798E-4960-9310-05E32CFA32A4} = {79E45F9D-B161-4C12-AB0D-306B0051717E}
		{C817B76A-97D4-4CC1-9651-3D405934AC83} = {79E45F9D-B161-4C12-AB0D-306B0051717E}
	EndGlobalSection
EndGlobal
